// !$*UTF8*$!
{
	archiveVersion = 1;
	classes = {
	};
	objectVersion = 50;
	objects = {

/* Begin PBXBuildFile section */
		15BE4D4A20E2307F00E7BEAE /* AppDelegate.swift in Sources */ = {isa = PBXBuildFile; fileRef = 15BE4D4920E2307F00E7BEAE /* AppDelegate.swift */; };
		15BE4D4C20E2307F00E7BEAE /* ToDoListViewController.swift in Sources */ = {isa = PBXBuildFile; fileRef = 15BE4D4B20E2307F00E7BEAE /* ToDoListViewController.swift */; };
		15BE4D4F20E2307F00E7BEAE /* Main.storyboard in Resources */ = {isa = PBXBuildFile; fileRef = 15BE4D4D20E2307F00E7BEAE /* Main.storyboard */; };
		15BE4D5120E2308200E7BEAE /* Assets.xcassets in Resources */ = {isa = PBXBuildFile; fileRef = 15BE4D5020E2308200E7BEAE /* Assets.xcassets */; };
		15BE4D5420E2308200E7BEAE /* LaunchScreen.storyboard in Resources */ = {isa = PBXBuildFile; fileRef = 15BE4D5220E2308200E7BEAE /* LaunchScreen.storyboard */; };
		15CBE41520E76F7F0052DDBE /* DataModel.xcdatamodeld in Sources */ = {isa = PBXBuildFile; fileRef = 15CBE41320E76F7F0052DDBE /* DataModel.xcdatamodeld */; };
		15FB74B320E8B0620004290A /* CategoryViewController.swift in Sources */ = {isa = PBXBuildFile; fileRef = 15FB74B220E8B0620004290A /* CategoryViewController.swift */; };
		3F2270A32D7942E8B9EC6AA8 /* Pods_Tadoey.framework in Frameworks */ = {isa = PBXBuildFile; fileRef = F6F318C0BD80C8223CE63670 /* Pods_Tadoey.framework */; };
/* End PBXBuildFile section */

/* Begin PBXFileReference section */
		15BE4D4620E2307F00E7BEAE /* Tadoey.app */ = {isa = PBXFileReference; explicitFileType = wrapper.application; includeInIndex = 0; path = Tadoey.app; sourceTree = BUILT_PRODUCTS_DIR; };
		15BE4D4920E2307F00E7BEAE /* AppDelegate.swift */ = {isa = PBXFileReference; lastKnownFileType = sourcecode.swift; path = AppDelegate.swift; sourceTree = "<group>"; };
		15BE4D4B20E2307F00E7BEAE /* ToDoListViewController.swift */ = {isa = PBXFileReference; lastKnownFileType = sourcecode.swift; path = ToDoListViewController.swift; sourceTree = "<group>"; };
		15BE4D4E20E2307F00E7BEAE /* Base */ = {isa = PBXFileReference; lastKnownFileType = file.storyboard; name = Base; path = Base.lproj/Main.storyboard; sourceTree = "<group>"; };
		15BE4D5020E2308200E7BEAE /* Assets.xcassets */ = {isa = PBXFileReference; lastKnownFileType = folder.assetcatalog; path = Assets.xcassets; sourceTree = "<group>"; };
		15BE4D5320E2308200E7BEAE /* Base */ = {isa = PBXFileReference; lastKnownFileType = file.storyboard; name = Base; path = Base.lproj/LaunchScreen.storyboard; sourceTree = "<group>"; };
		15BE4D5520E2308200E7BEAE /* Info.plist */ = {isa = PBXFileReference; lastKnownFileType = text.plist.xml; path = Info.plist; sourceTree = "<group>"; };
		15CBE41420E76F7F0052DDBE /* DataModel.xcdatamodel */ = {isa = PBXFileReference; lastKnownFileType = wrapper.xcdatamodel; path = DataModel.xcdatamodel; sourceTree = "<group>"; };
		15FB74B220E8B0620004290A /* CategoryViewController.swift */ = {isa = PBXFileReference; lastKnownFileType = sourcecode.swift; path = CategoryViewController.swift; sourceTree = "<group>"; };
		9F79A8C62F7C39B8822F223D /* Pods-Tadoey.release.xcconfig */ = {isa = PBXFileReference; includeInIndex = 1; lastKnownFileType = text.xcconfig; name = "Pods-Tadoey.release.xcconfig"; path = "Pods/Target Support Files/Pods-Tadoey/Pods-Tadoey.release.xcconfig"; sourceTree = "<group>"; };
		CFEAC1BF2A0E29D26D9175A3 /* Pods-Tadoey.debug.xcconfig */ = {isa = PBXFileReference; includeInIndex = 1; lastKnownFileType = text.xcconfig; name = "Pods-Tadoey.debug.xcconfig"; path = "Pods/Target Support Files/Pods-Tadoey/Pods-Tadoey.debug.xcconfig"; sourceTree = "<group>"; };
		F6F318C0BD80C8223CE63670 /* Pods_Tadoey.framework */ = {isa = PBXFileReference; explicitFileType = wrapper.framework; includeInIndex = 0; path = Pods_Tadoey.framework; sourceTree = BUILT_PRODUCTS_DIR; };
/* End PBXFileReference section */

/* Begin PBXFrameworksBuildPhase section */
		15BE4D4320E2307F00E7BEAE /* Frameworks */ = {
			isa = PBXFrameworksBuildPhase;
			buildActionMask = 2147483647;
			files = (
				3F2270A32D7942E8B9EC6AA8 /* Pods_Tadoey.framework in Frameworks */,
			);
			runOnlyForDeploymentPostprocessing = 0;
		};
/* End PBXFrameworksBuildPhase section */

/* Begin PBXGroup section */
		1515BF1720E62CFB0005E516 /* Data Model */ = {
			isa = PBXGroup;
			children = (
				15CBE41320E76F7F0052DDBE /* DataModel.xcdatamodeld */,
			);
			path = "Data Model";
			sourceTree = "<group>";
		};
		1515BF1820E62D070005E516 /* Supporting Files */ = {
			isa = PBXGroup;
			children = (
				15BE4D5220E2308200E7BEAE /* LaunchScreen.storyboard */,
				15BE4D5020E2308200E7BEAE /* Assets.xcassets */,
			);
			path = "Supporting Files";
			sourceTree = "<group>";
		};
		1515BF1920E62D270005E516 /* Views */ = {
			isa = PBXGroup;
			children = (
				15BE4D4D20E2307F00E7BEAE /* Main.storyboard */,
			);
			path = Views;
			sourceTree = "<group>";
		};
		1515BF1A20E62D360005E516 /* Controllers */ = {
			isa = PBXGroup;
			children = (
				15FB74B220E8B0620004290A /* CategoryViewController.swift */,
				15BE4D4B20E2307F00E7BEAE /* ToDoListViewController.swift */,
			);
			path = Controllers;
			sourceTree = "<group>";
		};
		15BE4D3D20E2307F00E7BEAE = {
			isa = PBXGroup;
			children = (
				15BE4D4820E2307F00E7BEAE /* Tadoey */,
				15BE4D4720E2307F00E7BEAE /* Products */,
				4BC40CC928898CD241764458 /* Pods */,
				4C0536D3E8A0620669368889 /* Frameworks */,
			);
			sourceTree = "<group>";
		};
		15BE4D4720E2307F00E7BEAE /* Products */ = {
			isa = PBXGroup;
			children = (
				15BE4D4620E2307F00E7BEAE /* Tadoey.app */,
			);
			name = Products;
			sourceTree = "<group>";
		};
		15BE4D4820E2307F00E7BEAE /* Tadoey */ = {
			isa = PBXGroup;
			children = (
				15BE4D4920E2307F00E7BEAE /* AppDelegate.swift */,
				1515BF1A20E62D360005E516 /* Controllers */,
				1515BF1720E62CFB0005E516 /* Data Model */,
				1515BF1920E62D270005E516 /* Views */,
				1515BF1820E62D070005E516 /* Supporting Files */,
				15BE4D5520E2308200E7BEAE /* Info.plist */,
			);
			path = Tadoey;
			sourceTree = "<group>";
		};
		4BC40CC928898CD241764458 /* Pods */ = {
			isa = PBXGroup;
			children = (
				CFEAC1BF2A0E29D26D9175A3 /* Pods-Tadoey.debug.xcconfig */,
				9F79A8C62F7C39B8822F223D /* Pods-Tadoey.release.xcconfig */,
			);
			name = Pods;
			sourceTree = "<group>";
		};
		4C0536D3E8A0620669368889 /* Frameworks */ = {
			isa = PBXGroup;
			children = (
				F6F318C0BD80C8223CE63670 /* Pods_Tadoey.framework */,
			);
			name = Frameworks;
			sourceTree = "<group>";
		};
/* End PBXGroup section */

/* Begin PBXNativeTarget section */
		15BE4D4520E2307F00E7BEAE /* Tadoey */ = {
			isa = PBXNativeTarget;
			buildConfigurationList = 15BE4D5820E2308200E7BEAE /* Build configuration list for PBXNativeTarget "Tadoey" */;
			buildPhases = (
				A16860C1226372B3B07B9D4F /* [CP] Check Pods Manifest.lock */,
				15BE4D4220E2307F00E7BEAE /* Sources */,
				15BE4D4320E2307F00E7BEAE /* Frameworks */,
				15BE4D4420E2307F00E7BEAE /* Resources */,
				3787E6E7FC399A0DE4CEF71C /* [CP] Embed Pods Frameworks */,
			);
			buildRules = (
			);
			dependencies = (
			);
			name = Tadoey;
			productName = Tadoey;
			productReference = 15BE4D4620E2307F00E7BEAE /* Tadoey.app */;
			productType = "com.apple.product-type.application";
		};
/* End PBXNativeTarget section */

/* Begin PBXProject section */
		15BE4D3E20E2307F00E7BEAE /* Project object */ = {
			isa = PBXProject;
			attributes = {
				LastSwiftUpdateCheck = 0940;
				LastUpgradeCheck = 0940;
				ORGANIZATIONNAME = "John Peppe";
				TargetAttributes = {
					15BE4D4520E2307F00E7BEAE = {
						CreatedOnToolsVersion = 9.4.1;
					};
				};
			};
			buildConfigurationList = 15BE4D4120E2307F00E7BEAE /* Build configuration list for PBXProject "Tadoey" */;
			compatibilityVersion = "Xcode 9.3";
			developmentRegion = en;
			hasScannedForEncodings = 0;
			knownRegions = (
				en,
				Base,
			);
			mainGroup = 15BE4D3D20E2307F00E7BEAE;
			productRefGroup = 15BE4D4720E2307F00E7BEAE /* Products */;
			projectDirPath = "";
			projectRoot = "";
			targets = (
				15BE4D4520E2307F00E7BEAE /* Tadoey */,
			);
		};
/* End PBXProject section */

/* Begin PBXResourcesBuildPhase section */
		15BE4D4420E2307F00E7BEAE /* Resources */ = {
			isa = PBXResourcesBuildPhase;
			buildActionMask = 2147483647;
			files = (
				15BE4D5420E2308200E7BEAE /* LaunchScreen.storyboard in Resources */,
				15BE4D5120E2308200E7BEAE /* Assets.xcassets in Resources */,
				15BE4D4F20E2307F00E7BEAE /* Main.storyboard in Resources */,
			);
			runOnlyForDeploymentPostprocessing = 0;
		};
/* End PBXResourcesBuildPhase section */

/* Begin PBXShellScriptBuildPhase section */
		3787E6E7FC399A0DE4CEF71C /* [CP] Embed Pods Frameworks */ = {
			isa = PBXShellScriptBuildPhase;
			buildActionMask = 2147483647;
			files = (
			);
			inputPaths = (
				"${SRCROOT}/Pods/Target Support Files/Pods-Tadoey/Pods-Tadoey-frameworks.sh",
				"${BUILT_PRODUCTS_DIR}/Realm/Realm.framework",
				"${BUILT_PRODUCTS_DIR}/RealmSwift/RealmSwift.framework",
			);
			name = "[CP] Embed Pods Frameworks";
			outputPaths = (
				"${TARGET_BUILD_DIR}/${FRAMEWORKS_FOLDER_PATH}/Realm.framework",
				"${TARGET_BUILD_DIR}/${FRAMEWORKS_FOLDER_PATH}/RealmSwift.framework",
			);
			runOnlyForDeploymentPostprocessing = 0;
			shellPath = /bin/sh;
			shellScript = "\"${SRCROOT}/Pods/Target Support Files/Pods-Tadoey/Pods-Tadoey-frameworks.sh\"\n";
			showEnvVarsInLog = 0;
		};
		A16860C1226372B3B07B9D4F /* [CP] Check Pods Manifest.lock */ = {
			isa = PBXShellScriptBuildPhase;
			buildActionMask = 2147483647;
			files = (
			);
			inputPaths = (
				"${PODS_PODFILE_DIR_PATH}/Podfile.lock",
				"${PODS_ROOT}/Manifest.lock",
			);
			name = "[CP] Check Pods Manifest.lock";
			outputPaths = (
				"$(DERIVED_FILE_DIR)/Pods-Tadoey-checkManifestLockResult.txt",
			);
			runOnlyForDeploymentPostprocessing = 0;
			shellPath = /bin/sh;
			shellScript = "diff \"${PODS_PODFILE_DIR_PATH}/Podfile.lock\" \"${PODS_ROOT}/Manifest.lock\" > /dev/null\nif [ $? != 0 ] ; then\n    # print error to STDERR\n    echo \"error: The sandbox is not in sync with the Podfile.lock. Run 'pod install' or update your CocoaPods installation.\" >&2\n    exit 1\nfi\n# This output is used by Xcode 'outputs' to avoid re-running this script phase.\necho \"SUCCESS\" > \"${SCRIPT_OUTPUT_FILE_0}\"\n";
			showEnvVarsInLog = 0;
		};
/* End PBXShellScriptBuildPhase section */

/* Begin PBXSourcesBuildPhase section */
		15BE4D4220E2307F00E7BEAE /* Sources */ = {
			isa = PBXSourcesBuildPhase;
			buildActionMask = 2147483647;
			files = (
				15FB74B320E8B0620004290A /* CategoryViewController.swift in Sources */,
				15BE4D4C20E2307F00E7BEAE /* ToDoListViewController.swift in Sources */,
				15CBE41520E76F7F0052DDBE /* DataModel.xcdatamodeld in Sources */,
				15BE4D4A20E2307F00E7BEAE /* AppDelegate.swift in Sources */,
			);
			runOnlyForDeploymentPostprocessing = 0;
		};
/* End PBXSourcesBuildPhase section */

/* Begin PBXVariantGroup section */
		15BE4D4D20E2307F00E7BEAE /* Main.storyboard */ = {
			isa = PBXVariantGroup;
			children = (
				15BE4D4E20E2307F00E7BEAE /* Base */,
			);
			name = Main.storyboard;
			sourceTree = "<group>";
		};
		15BE4D5220E2308200E7BEAE /* LaunchScreen.storyboard */ = {
			isa = PBXVariantGroup;
			children = (
				15BE4D5320E2308200E7BEAE /* Base */,
			);
			name = LaunchScreen.storyboard;
			sourceTree = "<group>";
		};
/* End PBXVariantGroup section */

/* Begin XCBuildConfiguration section */
		15BE4D5620E2308200E7BEAE /* Debug */ = {
			isa = XCBuildConfiguration;
			buildSettings = {
				ALWAYS_SEARCH_USER_PATHS = NO;
				CLANG_ANALYZER_NONNULL = YES;
				CLANG_ANALYZER_NUMBER_OBJECT_CONVERSION = YES_AGGRESSIVE;
				CLANG_CXX_LANGUAGE_STANDARD = "gnu++14";
				CLANG_CXX_LIBRARY = "libc++";
				CLANG_ENABLE_MODULES = YES;
				CLANG_ENABLE_OBJC_ARC = YES;
				CLANG_ENABLE_OBJC_WEAK = YES;
				CLANG_WARN_BLOCK_CAPTURE_AUTORELEASING = YES;
				CLANG_WARN_BOOL_CONVERSION = YES;
				CLANG_WARN_COMMA = YES;
				CLANG_WARN_CONSTANT_CONVERSION = YES;
				CLANG_WARN_DEPRECATED_OBJC_IMPLEMENTATIONS = YES;
				CLANG_WARN_DIRECT_OBJC_ISA_USAGE = YES_ERROR;
				CLANG_WARN_DOCUMENTATION_COMMENTS = YES;
				CLANG_WARN_EMPTY_BODY = YES;
				CLANG_WARN_ENUM_CONVERSION = YES;
				CLANG_WARN_INFINITE_RECURSION = YES;
				CLANG_WARN_INT_CONVERSION = YES;
				CLANG_WARN_NON_LITERAL_NULL_CONVERSION = YES;
				CLANG_WARN_OBJC_IMPLICIT_RETAIN_SELF = YES;
				CLANG_WARN_OBJC_LITERAL_CONVERSION = YES;
				CLANG_WARN_OBJC_ROOT_CLASS = YES_ERROR;
				CLANG_WARN_RANGE_LOOP_ANALYSIS = YES;
				CLANG_WARN_STRICT_PROTOTYPES = YES;
				CLANG_WARN_SUSPICIOUS_MOVE = YES;
				CLANG_WARN_UNGUARDED_AVAILABILITY = YES_AGGRESSIVE;
				CLANG_WARN_UNREACHABLE_CODE = YES;
				CLANG_WARN__DUPLICATE_METHOD_MATCH = YES;
				CODE_SIGN_IDENTITY = "iPhone Developer";
				COPY_PHASE_STRIP = NO;
				DEBUG_INFORMATION_FORMAT = dwarf;
				ENABLE_STRICT_OBJC_MSGSEND = YES;
				ENABLE_TESTABILITY = YES;
				GCC_C_LANGUAGE_STANDARD = gnu11;
				GCC_DYNAMIC_NO_PIC = NO;
				GCC_NO_COMMON_BLOCKS = YES;
				GCC_OPTIMIZATION_LEVEL = 0;
				GCC_PREPROCESSOR_DEFINITIONS = (
					"DEBUG=1",
					"$(inherited)",
				);
				GCC_WARN_64_TO_32_BIT_CONVERSION = YES;
				GCC_WARN_ABOUT_RETURN_TYPE = YES_ERROR;
				GCC_WARN_UNDECLARED_SELECTOR = YES;
				GCC_WARN_UNINITIALIZED_AUTOS = YES_AGGRESSIVE;
				GCC_WARN_UNUSED_FUNCTION = YES;
				GCC_WARN_UNUSED_VARIABLE = YES;
				IPHONEOS_DEPLOYMENT_TARGET = 11.4;
				MTL_ENABLE_DEBUG_INFO = YES;
				ONLY_ACTIVE_ARCH = YES;
				SDKROOT = iphoneos;
				SWIFT_ACTIVE_COMPILATION_CONDITIONS = DEBUG;
				SWIFT_OPTIMIZATION_LEVEL = "-Onone";
			};
			name = Debug;
		};
		15BE4D5720E2308200E7BEAE /* Release */ = {
			isa = XCBuildConfiguration;
			buildSettings = {
				ALWAYS_SEARCH_USER_PATHS = NO;
				CLANG_ANALYZER_NONNULL = YES;
				CLANG_ANALYZER_NUMBER_OBJECT_CONVERSION = YES_AGGRESSIVE;
				CLANG_CXX_LANGUAGE_STANDARD = "gnu++14";
				CLANG_CXX_LIBRARY = "libc++";
				CLANG_ENABLE_MODULES = YES;
				CLANG_ENABLE_OBJC_ARC = YES;
				CLANG_ENABLE_OBJC_WEAK = YES;
				CLANG_WARN_BLOCK_CAPTURE_AUTORELEASING = YES;
				CLANG_WARN_BOOL_CONVERSION = YES;
				CLANG_WARN_COMMA = YES;
				CLANG_WARN_CONSTANT_CONVERSION = YES;
				CLANG_WARN_DEPRECATED_OBJC_IMPLEMENTATIONS = YES;
				CLANG_WARN_DIRECT_OBJC_ISA_USAGE = YES_ERROR;
				CLANG_WARN_DOCUMENTATION_COMMENTS = YES;
				CLANG_WARN_EMPTY_BODY = YES;
				CLANG_WARN_ENUM_CONVERSION = YES;
				CLANG_WARN_INFINITE_RECURSION = YES;
				CLANG_WARN_INT_CONVERSION = YES;
				CLANG_WARN_NON_LITERAL_NULL_CONVERSION = YES;
				CLANG_WARN_OBJC_IMPLICIT_RETAIN_SELF = YES;
				CLANG_WARN_OBJC_LITERAL_CONVERSION = YES;
				CLANG_WARN_OBJC_ROOT_CLASS = YES_ERROR;
				CLANG_WARN_RANGE_LOOP_ANALYSIS = YES;
				CLANG_WARN_STRICT_PROTOTYPES = YES;
				CLANG_WARN_SUSPICIOUS_MOVE = YES;
				CLANG_WARN_UNGUARDED_AVAILABILITY = YES_AGGRESSIVE;
				CLANG_WARN_UNREACHABLE_CODE = YES;
				CLANG_WARN__DUPLICATE_METHOD_MATCH = YES;
				CODE_SIGN_IDENTITY = "iPhone Developer";
				COPY_PHASE_STRIP = NO;
				DEBUG_INFORMATION_FORMAT = "dwarf-with-dsym";
				ENABLE_NS_ASSERTIONS = NO;
				ENABLE_STRICT_OBJC_MSGSEND = YES;
				GCC_C_LANGUAGE_STANDARD = gnu11;
				GCC_NO_COMMON_BLOCKS = YES;
				GCC_WARN_64_TO_32_BIT_CONVERSION = YES;
				GCC_WARN_ABOUT_RETURN_TYPE = YES_ERROR;
				GCC_WARN_UNDECLARED_SELECTOR = YES;
				GCC_WARN_UNINITIALIZED_AUTOS = YES_AGGRESSIVE;
				GCC_WARN_UNUSED_FUNCTION = YES;
				GCC_WARN_UNUSED_VARIABLE = YES;
				IPHONEOS_DEPLOYMENT_TARGET = 11.4;
				MTL_ENABLE_DEBUG_INFO = NO;
				SDKROOT = iphoneos;
				SWIFT_COMPILATION_MODE = wholemodule;
				SWIFT_OPTIMIZATION_LEVEL = "-O";
				VALIDATE_PRODUCT = YES;
			};
			name = Release;
		};
		15BE4D5920E2308200E7BEAE /* Debug */ = {
			isa = XCBuildConfiguration;
			baseConfigurationReference = CFEAC1BF2A0E29D26D9175A3 /* Pods-Tadoey.debug.xcconfig */;
			buildSettings = {
				ASSETCATALOG_COMPILER_APPICON_NAME = AppIcon;
				CODE_SIGN_STYLE = Automatic;
				DEVELOPMENT_TEAM = 94NP446562;
				INFOPLIST_FILE = Tadoey/Info.plist;
				LD_RUNPATH_SEARCH_PATHS = (
					"$(inherited)",
					"@executable_path/Frameworks",
				);
				PRODUCT_BUNDLE_IDENTIFIER = com.7yaPeppe.Tadoey;
				PRODUCT_NAME = "$(TARGET_NAME)";
				SWIFT_VERSION = 4.0;
				TARGETED_DEVICE_FAMILY = "1,2";
			};
			name = Debug;
		};
		15BE4D5A20E2308200E7BEAE /* Release */ = {
			isa = XCBuildConfiguration;
			baseConfigurationReference = 9F79A8C62F7C39B8822F223D /* Pods-Tadoey.release.xcconfig */;
			buildSettings = {
				ASSETCATALOG_COMPILER_APPICON_NAME = AppIcon;
				CODE_SIGN_STYLE = Automatic;
				DEVELOPMENT_TEAM = 94NP446562;
				INFOPLIST_FILE = Tadoey/Info.plist;
				LD_RUNPATH_SEARCH_PATHS = (
					"$(inherited)",
					"@executable_path/Frameworks",
				);
				PRODUCT_BUNDLE_IDENTIFIER = com.7yaPeppe.Tadoey;
				PRODUCT_NAME = "$(TARGET_NAME)";
				SWIFT_VERSION = 4.0;
				TARGETED_DEVICE_FAMILY = "1,2";
			};
			name = Release;
		};
/* End XCBuildConfiguration section */

/* Begin XCConfigurationList section */
		15BE4D4120E2307F00E7BEAE /* Build configuration list for PBXProject "Tadoey" */ = {
			isa = XCConfigurationList;
			buildConfigurations = (
				15BE4D5620E2308200E7BEAE /* Debug */,
				15BE4D5720E2308200E7BEAE /* Release */,
			);
			defaultConfigurationIsVisible = 0;
			defaultConfigurationName = Release;
		};
		15BE4D5820E2308200E7BEAE /* Build configuration list for PBXNativeTarget "Tadoey" */ = {
			isa = XCConfigurationList;
			buildConfigurations = (
				15BE4D5920E2308200E7BEAE /* Debug */,
				15BE4D5A20E2308200E7BEAE /* Release */,
			);
			defaultConfigurationIsVisible = 0;
			defaultConfigurationName = Release;
		};
/* End XCConfigurationList section */

/* Begin XCVersionGroup section */
		15CBE41320E76F7F0052DDBE /* DataModel.xcdatamodeld */ = {
			isa = XCVersionGroup;
			children = (
				15CBE41420E76F7F0052DDBE /* DataModel.xcdatamodel */,
			);
			currentVersion = 15CBE41420E76F7F0052DDBE /* DataModel.xcdatamodel */;
			path = DataModel.xcdatamodeld;
			sourceTree = "<group>";
			versionGroupType = wrapper.xcdatamodel;
		};
/* End XCVersionGroup section */
	};
	rootObject = 15BE4D3E20E2307F00E7BEAE /* Project object */;
}
