// !$*UTF8*$!
{
	archiveVersion = 1;
	classes = {
	};
	objectVersion = 50;
	objects = {

/* Begin PBXBuildFile section */
		15BE4D4A20E2307F00E7BEAE /* AppDelegate.swift in Sources */ = {isa = PBXBuildFile; fileRef = 15BE4D4920E2307F00E7BEAE /* AppDelegate.swift */; };
		15BE4D4C20E2307F00E7BEAE /* ViewController.swift in Sources */ = {isa = PBXBuildFile; fileRef = 15BE4D4B20E2307F00E7BEAE /* ViewController.swift */; };
		15BE4D4F20E2307F00E7BEAE /* Main.storyboard in Resources */ = {isa = PBXBuildFile; fileRef = 15BE4D4D20E2307F00E7BEAE /* Main.storyboard */; };
		15BE4D5120E2308200E7BEAE /* Assets.xcassets in Resources */ = {isa = PBXBuildFile; fileRef = 15BE4D5020E2308200E7BEAE /* Assets.xcassets */; };
		15BE4D5420E2308200E7BEAE /* LaunchScreen.storyboard in Resources */ = {isa = PBXBuildFile; fileRef = 15BE4D5220E2308200E7BEAE /* LaunchScreen.storyboard */; };
/* End PBXBuildFile section */

/* Begin PBXFileReference section */
		15BE4D4620E2307F00E7BEAE /* Tadoey.app */ = {isa = PBXFileReference; explicitFileType = wrapper.application; includeInIndex = 0; path = Tadoey.app; sourceTree = BUILT_PRODUCTS_DIR; };
		15BE4D4920E2307F00E7BEAE /* AppDelegate.swift */ = {isa = PBXFileReference; lastKnownFileType = sourcecode.swift; path = AppDelegate.swift; sourceTree = "<group>"; };
		15BE4D4B20E2307F00E7BEAE /* ViewController.swift */ = {isa = PBXFileReference; lastKnownFileType = sourcecode.swift; path = ViewController.swift; sourceTree = "<group>"; };
		15BE4D4E20E2307F00E7BEAE /* Base */ = {isa = PBXFileReference; lastKnownFileType = file.storyboard; name = Base; path = Base.lproj/Main.storyboard; sourceTree = "<group>"; };
		15BE4D5020E2308200E7BEAE /* Assets.xcassets */ = {isa = PBXFileReference; lastKnownFileType = folder.assetcatalog; path = Assets.xcassets; sourceTree = "<group>"; };
		15BE4D5320E2308200E7BEAE /* Base */ = {isa = PBXFileReference; lastKnownFileType = file.storyboard; name = Base; path = Base.lproj/LaunchScreen.storyboard; sourceTree = "<group>"; };
		15BE4D5520E2308200E7BEAE /* Info.plist */ = {isa = PBXFileReference; lastKnownFileType = text.plist.xml; path = Info.plist; sourceTree = "<group>"; };
/* End PBXFileReference section */

/* Begin PBXFrameworksBuildPhase section */
		15BE4D4320E2307F00E7BEAE /* Frameworks */ = {
			isa = PBXFrameworksBuildPhase;
			buildActionMask = 2147483647;
			files = (
			);
			runOnlyForDeploymentPostprocessing = 0;
		};
/* End PBXFrameworksBuildPhase section */

/* Begin PBXGroup section */
		15BE4D3D20E2307F00E7BEAE = {
			isa = PBXGroup;
			children = (
				15BE4D4820E2307F00E7BEAE /* Tadoey */,
				15BE4D4720E2307F00E7BEAE /* Products */,
			);
			sourceTree = "<group>";
		};
		15BE4D4720E2307F00E7BEAE /* Products */ = {
			isa = PBXGroup;
			children = (
				15BE4D4620E2307F00E7BEAE /* Tadoey.app */,
			);
			name = Products;
			sourceTree = "<group>";
		};
		15BE4D4820E2307F00E7BEAE /* Tadoey */ = {
			isa = PBXGroup;
			children = (
				15BE4D4920E2307F00E7BEAE /* AppDelegate.swift */,
				15BE4D4B20E2307F00E7BEAE /* ViewController.swift */,
				15BE4D4D20E2307F00E7BEAE /* Main.storyboard */,
				15BE4D5020E2308200E7BEAE /* Assets.xcassets */,
				15BE4D5220E2308200E7BEAE /* LaunchScreen.storyboard */,
				15BE4D5520E2308200E7BEAE /* Info.plist */,
			);
			path = Tadoey;
			sourceTree = "<group>";
		};
/* End PBXGroup section */

/* Begin PBXNativeTarget section */
		15BE4D4520E2307F00E7BEAE /* Tadoey */ = {
			isa = PBXNativeTarget;
			buildConfigurationList = 15BE4D5820E2308200E7BEAE /* Build configuration list for PBXNativeTarget "Tadoey" */;
			buildPhases = (
				15BE4D4220E2307F00E7BEAE /* Sources */,
				15BE4D4320E2307F00E7BEAE /* Frameworks */,
				15BE4D4420E2307F00E7BEAE /* Resources */,
			);
			buildRules = (
			);
			dependencies = (
			);
			name = Tadoey;
			productName = Tadoey;
			productReference = 15BE4D4620E2307F00E7BEAE /* Tadoey.app */;
			productType = "com.apple.product-type.application";
		};
/* End PBXNativeTarget section */

/* Begin PBXProject section */
		15BE4D3E20E2307F00E7BEAE /* Project object */ = {
			isa = PBXProject;
			attributes = {
				LastSwiftUpdateCheck = 0940;
				LastUpgradeCheck = 0940;
				ORGANIZATIONNAME = "John Peppe";
				TargetAttributes = {
					15BE4D4520E2307F00E7BEAE = {
						CreatedOnToolsVersion = 9.4.1;
					};
				};
			};
			buildConfigurationList = 15BE4D4120E2307F00E7BEAE /* Build configuration list for PBXProject "Tadoey" */;
			compatibilityVersion = "Xcode 9.3";
			developmentRegion = en;
			hasScannedForEncodings = 0;
			knownRegions = (
				en,
				Base,
			);
			mainGroup = 15BE4D3D20E2307F00E7BEAE;
			productRefGroup = 15BE4D4720E2307F00E7BEAE /* Products */;
			projectDirPath = "";
			projectRoot = "";
			targets = (
				15BE4D4520E2307F00E7BEAE /* Tadoey */,
			);
		};
/* End PBXProject section */

/* Begin PBXResourcesBuildPhase section */
		15BE4D4420E2307F00E7BEAE /* Resources */ = {
			isa = PBXResourcesBuildPhase;
			buildActionMask = 2147483647;
			files = (
				15BE4D5420E2308200E7BEAE /* LaunchScreen.storyboard in Resources */,
				15BE4D5120E2308200E7BEAE /* Assets.xcassets in Resources */,
				15BE4D4F20E2307F00E7BEAE /* Main.storyboard in Resources */,
			);
			runOnlyForDeploymentPostprocessing = 0;
		};
/* End PBXResourcesBuildPhase section */

/* Begin PBXSourcesBuildPhase section */
		15BE4D4220E2307F00E7BEAE /* Sources */ = {
			isa = PBXSourcesBuildPhase;
			buildActionMask = 2147483647;
			files = (
				15BE4D4C20E2307F00E7BEAE /* ViewController.swift in Sources */,
				15BE4D4A20E2307F00E7BEAE /* AppDelegate.swift in Sources */,
			);
			runOnlyForDeploymentPostprocessing = 0;
		};
/* End PBXSourcesBuildPhase section */

/* Begin PBXVariantGroup section */
		15BE4D4D20E2307F00E7BEAE /* Main.storyboard */ = {
			isa = PBXVariantGroup;
			children = (
				15BE4D4E20E2307F00E7BEAE /* Base */,
			);
			name = Main.storyboard;
			sourceTree = "<group>";
		};
		15BE4D5220E2308200E7BEAE /* LaunchScreen.storyboard */ = {
			isa = PBXVariantGroup;
			children = (
				15BE4D5320E2308200E7BEAE /* Base */,
			);
			name = LaunchScreen.storyboard;
			sourceTree = "<group>";
		};
/* End PBXVariantGroup section */

/* Begin XCBuildConfiguration section */
		15BE4D5620E2308200E7BEAE /* Debug */ = {
			isa = XCBuildConfiguration;
			buildSettings = {
				ALWAYS_SEARCH_USER_PATHS = NO;
				CLANG_ANALYZER_NONNULL = YES;
				CLANG_ANALYZER_NUMBER_OBJECT_CONVERSION = YES_AGGRESSIVE;
				CLANG_CXX_LANGUAGE_STANDARD = "gnu++14";
				CLANG_CXX_LIBRARY = "libc++";
				CLANG_ENABLE_MODULES = YES;
				CLANG_ENABLE_OBJC_ARC = YES;
				CLANG_ENABLE_OBJC_WEAK = YES;
				CLANG_WARN_BLOCK_CAPTURE_AUTORELEASING = YES;
				CLANG_WARN_BOOL_CONVERSION = YES;
				CLANG_WARN_COMMA = YES;
				CLANG_WARN_CONSTANT_CONVERSION = YES;
				CLANG_WARN_DEPRECATED_OBJC_IMPLEMENTATIONS = YES;
				CLANG_WARN_DIRECT_OBJC_ISA_USAGE = YES_ERROR;
				CLANG_WARN_DOCUMENTATION_COMMENTS = YES;
				CLANG_WARN_EMPTY_BODY = YES;
				CLANG_WARN_ENUM_CONVERSION = YES;
				CLANG_WARN_INFINITE_RECURSION = YES;
				CLANG_WARN_INT_CONVERSION = YES;
				CLANG_WARN_NON_LITERAL_NULL_CONVERSION = YES;
				CLANG_WARN_OBJC_IMPLICIT_RETAIN_SELF = YES;
				CLANG_WARN_OBJC_LITERAL_CONVERSION = YES;
				CLANG_WARN_OBJC_ROOT_CLASS = YES_ERROR;
				CLANG_WARN_RANGE_LOOP_ANALYSIS = YES;
				CLANG_WARN_STRICT_PROTOTYPES = YES;
				CLANG_WARN_SUSPICIOUS_MOVE = YES;
				CLANG_WARN_UNGUARDED_AVAILABILITY = YES_AGGRESSIVE;
				CLANG_WARN_UNREACHABLE_CODE = YES;
				CLANG_WARN__DUPLICATE_METHOD_MATCH = YES;
				CODE_SIGN_IDENTITY = "iPhone Developer";
				COPY_PHASE_STRIP = NO;
				DEBUG_INFORMATION_FORMAT = dwarf;
				ENABLE_STRICT_OBJC_MSGSEND = YES;
				ENABLE_TESTABILITY = YES;
				GCC_C_LANGUAGE_STANDARD = gnu11;
				GCC_DYNAMIC_NO_PIC = NO;
				GCC_NO_COMMON_BLOCKS = YES;
				GCC_OPTIMIZATION_LEVEL = 0;
				GCC_PREPROCESSOR_DEFINITIONS = (
					"DEBUG=1",
					"$(inherited)",
				);
				GCC_WARN_64_TO_32_BIT_CONVERSION = YES;
				GCC_WARN_ABOUT_RETURN_TYPE = YES_ERROR;
				GCC_WARN_UNDECLARED_SELECTOR = YES;
				GCC_WARN_UNINITIALIZED_AUTOS = YES_AGGRESSIVE;
				GCC_WARN_UNUSED_FUNCTION = YES;
				GCC_WARN_UNUSED_VARIABLE = YES;
				IPHONEOS_DEPLOYMENT_TARGET = 11.4;
				MTL_ENABLE_DEBUG_INFO = YES;
				ONLY_ACTIVE_ARCH = YES;
				SDKROOT = iphoneos;
				SWIFT_ACTIVE_COMPILATION_CONDITIONS = DEBUG;
				SWIFT_OPTIMIZATION_LEVEL = "-Onone";
			};
			name = Debug;
		};
		15BE4D5720E2308200E7BEAE /* Release */ = {
			isa = XCBuildConfiguration;
			buildSettings = {
				ALWAYS_SEARCH_USER_PATHS = NO;
				CLANG_ANALYZER_NONNULL = YES;
				CLANG_ANALYZER_NUMBER_OBJECT_CONVERSION = YES_AGGRESSIVE;
				CLANG_CXX_LANGUAGE_STANDARD = "gnu++14";
				CLANG_CXX_LIBRARY = "libc++";
				CLANG_ENABLE_MODULES = YES;
				CLANG_ENABLE_OBJC_ARC = YES;
				CLANG_ENABLE_OBJC_WEAK = YES;
				CLANG_WARN_BLOCK_CAPTURE_AUTORELEASING = YES;
				CLANG_WARN_BOOL_CONVERSION = YES;
				CLANG_WARN_COMMA = YES;
				CLANG_WARN_CONSTANT_CONVERSION = YES;
				CLANG_WARN_DEPRECATED_OBJC_IMPLEMENTATIONS = YES;
				CLANG_WARN_DIRECT_OBJC_ISA_USAGE = YES_ERROR;
				CLANG_WARN_DOCUMENTATION_COMMENTS = YES;
				CLANG_WARN_EMPTY_BODY = YES;
				CLANG_WARN_ENUM_CONVERSION = YES;
				CLANG_WARN_INFINITE_RECURSION = YES;
				CLANG_WARN_INT_CONVERSION = YES;
				CLANG_WARN_NON_LITERAL_NULL_CONVERSION = YES;
				CLANG_WARN_OBJC_IMPLICIT_RETAIN_SELF = YES;
				CLANG_WARN_OBJC_LITERAL_CONVERSION = YES;
				CLANG_WARN_OBJC_ROOT_CLASS = YES_ERROR;
				CLANG_WARN_RANGE_LOOP_ANALYSIS = YES;
				CLANG_WARN_STRICT_PROTOTYPES = YES;
				CLANG_WARN_SUSPICIOUS_MOVE = YES;
				CLANG_WARN_UNGUARDED_AVAILABILITY = YES_AGGRESSIVE;
				CLANG_WARN_UNREACHABLE_CODE = YES;
				CLANG_WARN__DUPLICATE_METHOD_MATCH = YES;
				CODE_SIGN_IDENTITY = "iPhone Developer";
				COPY_PHASE_STRIP = NO;
				DEBUG_INFORMATION_FORMAT = "dwarf-with-dsym";
				ENABLE_NS_ASSERTIONS = NO;
				ENABLE_STRICT_OBJC_MSGSEND = YES;
				GCC_C_LANGUAGE_STANDARD = gnu11;
				GCC_NO_COMMON_BLOCKS = YES;
				GCC_WARN_64_TO_32_BIT_CONVERSION = YES;
				GCC_WARN_ABOUT_RETURN_TYPE = YES_ERROR;
				GCC_WARN_UNDECLARED_SELECTOR = YES;
				GCC_WARN_UNINITIALIZED_AUTOS = YES_AGGRESSIVE;
				GCC_WARN_UNUSED_FUNCTION = YES;
				GCC_WARN_UNUSED_VARIABLE = YES;
				IPHONEOS_DEPLOYMENT_TARGET = 11.4;
				MTL_ENABLE_DEBUG_INFO = NO;
				SDKROOT = iphoneos;
				SWIFT_COMPILATION_MODE = wholemodule;
				SWIFT_OPTIMIZATION_LEVEL = "-O";
				VALIDATE_PRODUCT = YES;
			};
			name = Release;
		};
		15BE4D5920E2308200E7BEAE /* Debug */ = {
			isa = XCBuildConfiguration;
			buildSettings = {
				ASSETCATALOG_COMPILER_APPICON_NAME = AppIcon;
				CODE_SIGN_STYLE = Automatic;
				DEVELOPMENT_TEAM = 94NP446562;
				INFOPLIST_FILE = Tadoey/Info.plist;
				LD_RUNPATH_SEARCH_PATHS = (
					"$(inherited)",
					"@executable_path/Frameworks",
				);
				PRODUCT_BUNDLE_IDENTIFIER = com.7yaPeppe.Tadoey;
				PRODUCT_NAME = "$(TARGET_NAME)";
				SWIFT_VERSION = 4.0;
				TARGETED_DEVICE_FAMILY = "1,2";
			};
			name = Debug;
		};
		15BE4D5A20E2308200E7BEAE /* Release */ = {
			isa = XCBuildConfiguration;
			buildSettings = {
				ASSETCATALOG_COMPILER_APPICON_NAME = AppIcon;
				CODE_SIGN_STYLE = Automatic;
				DEVELOPMENT_TEAM = 94NP446562;
				INFOPLIST_FILE = Tadoey/Info.plist;
				LD_RUNPATH_SEARCH_PATHS = (
					"$(inherited)",
					"@executable_path/Frameworks",
				);
				PRODUCT_BUNDLE_IDENTIFIER = com.7yaPeppe.Tadoey;
				PRODUCT_NAME = "$(TARGET_NAME)";
				SWIFT_VERSION = 4.0;
				TARGETED_DEVICE_FAMILY = "1,2";
			};
			name = Release;
		};
/* End XCBuildConfiguration section */

/* Begin XCConfigurationList section */
		15BE4D4120E2307F00E7BEAE /* Build configuration list for PBXProject "Tadoey" */ = {
			isa = XCConfigurationList;
			buildConfigurations = (
				15BE4D5620E2308200E7BEAE /* Debug */,
				15BE4D5720E2308200E7BEAE /* Release */,
			);
			defaultConfigurationIsVisible = 0;
			defaultConfigurationName = Release;
		};
		15BE4D5820E2308200E7BEAE /* Build configuration list for PBXNativeTarget "Tadoey" */ = {
			isa = XCConfigurationList;
			buildConfigurations = (
				15BE4D5920E2308200E7BEAE /* Debug */,
				15BE4D5A20E2308200E7BEAE /* Release */,
			);
			defaultConfigurationIsVisible = 0;
			defaultConfigurationName = Release;
		};
/* End XCConfigurationList section */
	};
	rootObject = 15BE4D3E20E2307F00E7BEAE /* Project object */;
}
